// !$*UTF8*$!
{
	archiveVersion = 1;
	classes = {
	};
	objectVersion = 51;
	objects = {

/* Begin PBXBuildFile section */
		06036A8B25AF710600105682 /* ActiveChatsCell.swift in Sources */ = {isa = PBXBuildFile; fileRef = 06036A8A25AF710600105682 /* ActiveChatsCell.swift */; };
		06036A9725AF7DA900105682 /* activeChats.json in Resources */ = {isa = PBXBuildFile; fileRef = 06036A9625AF7DA900105682 /* activeChats.json */; };
		06036A9D25AF7DD700105682 /* waitingChats.json in Resources */ = {isa = PBXBuildFile; fileRef = 06036A9C25AF7DD700105682 /* waitingChats.json */; };
		060E640C25B87E2F0045D848 /* ProfileViewController.swift in Sources */ = {isa = PBXBuildFile; fileRef = 060E640B25B87E2F0045D848 /* ProfileViewController.swift */; };
		0610855125ADFC63006AFD94 /* Bundle-Decodable.swift in Sources */ = {isa = PBXBuildFile; fileRef = 0610855025ADFC63006AFD94 /* Bundle-Decodable.swift */; };
		0619EDF425A8A2CE00F55A13 /* AddPhotoView.swift in Sources */ = {isa = PBXBuildFile; fileRef = 0619EDF325A8A2CE00F55A13 /* AddPhotoView.swift */; };
		061C3EB82500E13A00A922A6 /* UIFont + Extension.swift in Sources */ = {isa = PBXBuildFile; fileRef = 061C3EB72500E13A00A922A6 /* UIFont + Extension.swift */; };
		061C3EBA2500E38D00A922A6 /* UIColor + Extension.swift in Sources */ = {isa = PBXBuildFile; fileRef = 061C3EB92500E38D00A922A6 /* UIColor + Extension.swift */; };
		061C3EBC2500E6D100A922A6 /* Label + Extension.swift in Sources */ = {isa = PBXBuildFile; fileRef = 061C3EBB2500E6D100A922A6 /* Label + Extension.swift */; };
		061C3EBE2500E79700A922A6 /* UIImageView + Extension.swift in Sources */ = {isa = PBXBuildFile; fileRef = 061C3EBD2500E79700A922A6 /* UIImageView + Extension.swift */; };
		0624057C25B0A634007592DE /* GradientView.swift in Sources */ = {isa = PBXBuildFile; fileRef = 0624057B25B0A634007592DE /* GradientView.swift */; };
		062F288625A9AD9300D0F0CD /* SegmentedControl + Extension.swift in Sources */ = {isa = PBXBuildFile; fileRef = 062F288525A9AD9300D0F0CD /* SegmentedControl + Extension.swift */; };
		06445D7E25B9730D000C4F66 /* InsertableTextField.swift in Sources */ = {isa = PBXBuildFile; fileRef = 06445D7D25B9730D000C4F66 /* InsertableTextField.swift */; };
		06445D8225B97AC4000C4F66 /* UIView + Extension.swift in Sources */ = {isa = PBXBuildFile; fileRef = 06445D8125B97AC4000C4F66 /* UIView + Extension.swift */; };
		0648060525B5E76A00B33D17 /* UserCell.swift in Sources */ = {isa = PBXBuildFile; fileRef = 0648060425B5E76A00B33D17 /* UserCell.swift */; };
		064C34F225A4E39300CAED9A /* SignUpViewController.swift in Sources */ = {isa = PBXBuildFile; fileRef = 064C34F125A4E39300CAED9A /* SignUpViewController.swift */; };
		064C34F625A4E68800CAED9A /* OneLineTextField.swift in Sources */ = {isa = PBXBuildFile; fileRef = 064C34F525A4E68800CAED9A /* OneLineTextField.swift */; };
		0665C96A25B42289001FEAED /* users.json in Resources */ = {isa = PBXBuildFile; fileRef = 0665C96925B42289001FEAED /* users.json */; };
		0665C97025B4271F001FEAED /* MUser.swift in Sources */ = {isa = PBXBuildFile; fileRef = 0665C96F25B4271F001FEAED /* MUser.swift */; };
		0665C97425B4272E001FEAED /* MChat.swift in Sources */ = {isa = PBXBuildFile; fileRef = 0665C97325B4272E001FEAED /* MChat.swift */; };
		06976689251218B2004BA591 /* ButtonFormView.swift in Sources */ = {isa = PBXBuildFile; fileRef = 06976688251218B2004BA591 /* ButtonFormView.swift */; };
		0697668B2512543A004BA591 /* StackView + Extension.swift in Sources */ = {isa = PBXBuildFile; fileRef = 0697668A2512543A004BA591 /* StackView + Extension.swift */; };
		06999CDD25BC485C00FB96CE /* AuthService.swift in Sources */ = {isa = PBXBuildFile; fileRef = 06999CDC25BC485C00FB96CE /* AuthService.swift */; };
		06999CDE25BC485C00FB96CE /* AuthService.swift in Sources */ = {isa = PBXBuildFile; fileRef = 06999CDC25BC485C00FB96CE /* AuthService.swift */; };
		06A80DE325A6FEC0001E1A41 /* LoginViewController.swift in Sources */ = {isa = PBXBuildFile; fileRef = 06A80DE225A6FEC0001E1A41 /* LoginViewController.swift */; };
		06BE1F0225BC2BF40077DF95 /* GoogleService-Info.plist in Resources */ = {isa = PBXBuildFile; fileRef = 06BE1F0125BC2BF40077DF95 /* GoogleService-Info.plist */; };
		06C026EE25BB502600372FDA /* ChatRequestViewController.swift in Sources */ = {isa = PBXBuildFile; fileRef = 06C026ED25BB502600372FDA /* ChatRequestViewController.swift */; };
		06C026EF25BB502600372FDA /* ChatRequestViewController.swift in Sources */ = {isa = PBXBuildFile; fileRef = 06C026ED25BB502600372FDA /* ChatRequestViewController.swift */; };
		06C2487E25B1868300DD6CBF /* WaitingChatsCell.swift in Sources */ = {isa = PBXBuildFile; fileRef = 06C2487D25B1868300DD6CBF /* WaitingChatsCell.swift */; };
		06C2488225B187F600DD6CBF /* SelfConfiguringCell.swift in Sources */ = {isa = PBXBuildFile; fileRef = 06C2488125B187F600DD6CBF /* SelfConfiguringCell.swift */; };
		06C4C30625B741260071AF82 /* UIViewController + Extension.swift in Sources */ = {isa = PBXBuildFile; fileRef = 06C4C30525B741260071AF82 /* UIViewController + Extension.swift */; };
		06DBE89825B31C4200052FEB /* SectionHeader.swift in Sources */ = {isa = PBXBuildFile; fileRef = 06DBE89725B31C4200052FEB /* SectionHeader.swift */; };
		06E0830025AAFE020034EDEF /* ListViewController.swift in Sources */ = {isa = PBXBuildFile; fileRef = 06E082FF25AAFE020034EDEF /* ListViewController.swift */; };
		06E0830C25AB00650034EDEF /* MainTabBarController.swift in Sources */ = {isa = PBXBuildFile; fileRef = 06E0830B25AB00650034EDEF /* MainTabBarController.swift */; };
		06E0831025AB00C90034EDEF /* PeopleViewController.swift in Sources */ = {isa = PBXBuildFile; fileRef = 06E0830F25AB00C90034EDEF /* PeopleViewController.swift */; };
		06E09F9F25A71BBC00E25886 /* SetupProfileViewController.swift in Sources */ = {isa = PBXBuildFile; fileRef = 06E09F9E25A71BBC00E25886 /* SetupProfileViewController.swift */; };
		06E684F724FFEBBB004FD855 /* AppDelegate.swift in Sources */ = {isa = PBXBuildFile; fileRef = 06E684F624FFEBBB004FD855 /* AppDelegate.swift */; };
		06E684F924FFEBBB004FD855 /* SceneDelegate.swift in Sources */ = {isa = PBXBuildFile; fileRef = 06E684F824FFEBBB004FD855 /* SceneDelegate.swift */; };
		06E684FB24FFEBBB004FD855 /* AuthViewController.swift in Sources */ = {isa = PBXBuildFile; fileRef = 06E684FA24FFEBBB004FD855 /* AuthViewController.swift */; };
		06E6850024FFEBBE004FD855 /* Assets.xcassets in Resources */ = {isa = PBXBuildFile; fileRef = 06E684FF24FFEBBE004FD855 /* Assets.xcassets */; };
		06E6850324FFEBBE004FD855 /* LaunchScreen.storyboard in Resources */ = {isa = PBXBuildFile; fileRef = 06E6850124FFEBBE004FD855 /* LaunchScreen.storyboard */; };
		06E6851124FFEBD1004FD855 /* iChatTests.swift in Sources */ = {isa = PBXBuildFile; fileRef = 06E6851024FFEBD1004FD855 /* iChatTests.swift */; };
		06E6851924FFF442004FD855 /* UIButton + Extension.swift in Sources */ = {isa = PBXBuildFile; fileRef = 06E6851824FFF442004FD855 /* UIButton + Extension.swift */; };
		CA64186F17CD6A6141312FB2 /* Pods_iChat.framework in Frameworks */ = {isa = PBXBuildFile; fileRef = 77BAB4FDF92C37F7AB2AF077 /* Pods_iChat.framework */; };
		FCC7A5AE0865402AFBE767CB /* Pods_iChatTests.framework in Frameworks */ = {isa = PBXBuildFile; fileRef = F90873FA6700E0BE337BC033 /* Pods_iChatTests.framework */; };
/* End PBXBuildFile section */

/* Begin PBXContainerItemProxy section */
		06E6851324FFEBD1004FD855 /* PBXContainerItemProxy */ = {
			isa = PBXContainerItemProxy;
			containerPortal = 06E684EB24FFEBBB004FD855 /* Project object */;
			proxyType = 1;
			remoteGlobalIDString = 06E684F224FFEBBB004FD855;
			remoteInfo = iChat;
		};
/* End PBXContainerItemProxy section */

/* Begin PBXFileReference section */
		06036A8A25AF710600105682 /* ActiveChatsCell.swift */ = {isa = PBXFileReference; lastKnownFileType = sourcecode.swift; path = ActiveChatsCell.swift; sourceTree = "<group>"; };
		06036A9625AF7DA900105682 /* activeChats.json */ = {isa = PBXFileReference; lastKnownFileType = text.json; path = activeChats.json; sourceTree = "<group>"; };
		06036A9C25AF7DD700105682 /* waitingChats.json */ = {isa = PBXFileReference; lastKnownFileType = text.json; path = waitingChats.json; sourceTree = "<group>"; };
		060E640B25B87E2F0045D848 /* ProfileViewController.swift */ = {isa = PBXFileReference; lastKnownFileType = sourcecode.swift; path = ProfileViewController.swift; sourceTree = "<group>"; };
		0610855025ADFC63006AFD94 /* Bundle-Decodable.swift */ = {isa = PBXFileReference; lastKnownFileType = sourcecode.swift; path = "Bundle-Decodable.swift"; sourceTree = "<group>"; };
		0619EDF325A8A2CE00F55A13 /* AddPhotoView.swift */ = {isa = PBXFileReference; lastKnownFileType = sourcecode.swift; path = AddPhotoView.swift; sourceTree = "<group>"; };
		061C3EB72500E13A00A922A6 /* UIFont + Extension.swift */ = {isa = PBXFileReference; lastKnownFileType = sourcecode.swift; path = "UIFont + Extension.swift"; sourceTree = "<group>"; };
		061C3EB92500E38D00A922A6 /* UIColor + Extension.swift */ = {isa = PBXFileReference; lastKnownFileType = sourcecode.swift; path = "UIColor + Extension.swift"; sourceTree = "<group>"; };
		061C3EBB2500E6D100A922A6 /* Label + Extension.swift */ = {isa = PBXFileReference; lastKnownFileType = sourcecode.swift; path = "Label + Extension.swift"; sourceTree = "<group>"; };
		061C3EBD2500E79700A922A6 /* UIImageView + Extension.swift */ = {isa = PBXFileReference; lastKnownFileType = sourcecode.swift; path = "UIImageView + Extension.swift"; sourceTree = "<group>"; };
		0624057B25B0A634007592DE /* GradientView.swift */ = {isa = PBXFileReference; lastKnownFileType = sourcecode.swift; path = GradientView.swift; sourceTree = "<group>"; };
		062F288525A9AD9300D0F0CD /* SegmentedControl + Extension.swift */ = {isa = PBXFileReference; lastKnownFileType = sourcecode.swift; path = "SegmentedControl + Extension.swift"; sourceTree = "<group>"; };
		06445D7D25B9730D000C4F66 /* InsertableTextField.swift */ = {isa = PBXFileReference; lastKnownFileType = sourcecode.swift; path = InsertableTextField.swift; sourceTree = "<group>"; };
		06445D8125B97AC4000C4F66 /* UIView + Extension.swift */ = {isa = PBXFileReference; lastKnownFileType = sourcecode.swift; path = "UIView + Extension.swift"; sourceTree = "<group>"; };
		0648060425B5E76A00B33D17 /* UserCell.swift */ = {isa = PBXFileReference; lastKnownFileType = sourcecode.swift; path = UserCell.swift; sourceTree = "<group>"; };
		064C34F125A4E39300CAED9A /* SignUpViewController.swift */ = {isa = PBXFileReference; lastKnownFileType = sourcecode.swift; path = SignUpViewController.swift; sourceTree = "<group>"; };
		064C34F525A4E68800CAED9A /* OneLineTextField.swift */ = {isa = PBXFileReference; lastKnownFileType = sourcecode.swift; path = OneLineTextField.swift; sourceTree = "<group>"; };
		0665C96925B42289001FEAED /* users.json */ = {isa = PBXFileReference; lastKnownFileType = text.json; path = users.json; sourceTree = "<group>"; };
		0665C96F25B4271F001FEAED /* MUser.swift */ = {isa = PBXFileReference; lastKnownFileType = sourcecode.swift; path = MUser.swift; sourceTree = "<group>"; };
		0665C97325B4272E001FEAED /* MChat.swift */ = {isa = PBXFileReference; lastKnownFileType = sourcecode.swift; path = MChat.swift; sourceTree = "<group>"; };
		06976688251218B2004BA591 /* ButtonFormView.swift */ = {isa = PBXFileReference; lastKnownFileType = sourcecode.swift; path = ButtonFormView.swift; sourceTree = "<group>"; };
		0697668A2512543A004BA591 /* StackView + Extension.swift */ = {isa = PBXFileReference; lastKnownFileType = sourcecode.swift; path = "StackView + Extension.swift"; sourceTree = "<group>"; };
		06999CDC25BC485C00FB96CE /* AuthService.swift */ = {isa = PBXFileReference; lastKnownFileType = sourcecode.swift; path = AuthService.swift; sourceTree = "<group>"; };
		06A80DE225A6FEC0001E1A41 /* LoginViewController.swift */ = {isa = PBXFileReference; lastKnownFileType = sourcecode.swift; path = LoginViewController.swift; sourceTree = "<group>"; };
		06BE1F0125BC2BF40077DF95 /* GoogleService-Info.plist */ = {isa = PBXFileReference; fileEncoding = 4; lastKnownFileType = text.plist.xml; path = "GoogleService-Info.plist"; sourceTree = "<group>"; };
		06C026ED25BB502600372FDA /* ChatRequestViewController.swift */ = {isa = PBXFileReference; lastKnownFileType = sourcecode.swift; path = ChatRequestViewController.swift; sourceTree = "<group>"; };
		06C2487D25B1868300DD6CBF /* WaitingChatsCell.swift */ = {isa = PBXFileReference; lastKnownFileType = sourcecode.swift; path = WaitingChatsCell.swift; sourceTree = "<group>"; };
		06C2488125B187F600DD6CBF /* SelfConfiguringCell.swift */ = {isa = PBXFileReference; lastKnownFileType = sourcecode.swift; path = SelfConfiguringCell.swift; sourceTree = "<group>"; };
		06C4C30525B741260071AF82 /* UIViewController + Extension.swift */ = {isa = PBXFileReference; lastKnownFileType = sourcecode.swift; path = "UIViewController + Extension.swift"; sourceTree = "<group>"; };
		06DBE89725B31C4200052FEB /* SectionHeader.swift */ = {isa = PBXFileReference; lastKnownFileType = sourcecode.swift; path = SectionHeader.swift; sourceTree = "<group>"; };
		06E082FF25AAFE020034EDEF /* ListViewController.swift */ = {isa = PBXFileReference; lastKnownFileType = sourcecode.swift; path = ListViewController.swift; sourceTree = "<group>"; };
		06E0830B25AB00650034EDEF /* MainTabBarController.swift */ = {isa = PBXFileReference; lastKnownFileType = sourcecode.swift; path = MainTabBarController.swift; sourceTree = "<group>"; };
		06E0830F25AB00C90034EDEF /* PeopleViewController.swift */ = {isa = PBXFileReference; lastKnownFileType = sourcecode.swift; path = PeopleViewController.swift; sourceTree = "<group>"; };
		06E09F9E25A71BBC00E25886 /* SetupProfileViewController.swift */ = {isa = PBXFileReference; lastKnownFileType = sourcecode.swift; path = SetupProfileViewController.swift; sourceTree = "<group>"; };
		06E684F324FFEBBB004FD855 /* iChat.app */ = {isa = PBXFileReference; explicitFileType = wrapper.application; includeInIndex = 0; path = iChat.app; sourceTree = BUILT_PRODUCTS_DIR; };
		06E684F624FFEBBB004FD855 /* AppDelegate.swift */ = {isa = PBXFileReference; lastKnownFileType = sourcecode.swift; path = AppDelegate.swift; sourceTree = "<group>"; };
		06E684F824FFEBBB004FD855 /* SceneDelegate.swift */ = {isa = PBXFileReference; lastKnownFileType = sourcecode.swift; path = SceneDelegate.swift; sourceTree = "<group>"; };
		06E684FA24FFEBBB004FD855 /* AuthViewController.swift */ = {isa = PBXFileReference; lastKnownFileType = sourcecode.swift; path = AuthViewController.swift; sourceTree = "<group>"; };
		06E684FF24FFEBBE004FD855 /* Assets.xcassets */ = {isa = PBXFileReference; lastKnownFileType = folder.assetcatalog; path = Assets.xcassets; sourceTree = "<group>"; };
		06E6850224FFEBBE004FD855 /* Base */ = {isa = PBXFileReference; lastKnownFileType = file.storyboard; name = Base; path = Base.lproj/LaunchScreen.storyboard; sourceTree = "<group>"; };
		06E6850424FFEBBE004FD855 /* Info.plist */ = {isa = PBXFileReference; lastKnownFileType = text.plist.xml; path = Info.plist; sourceTree = "<group>"; };
		06E6850E24FFEBD0004FD855 /* iChatTests.xctest */ = {isa = PBXFileReference; explicitFileType = wrapper.cfbundle; includeInIndex = 0; path = iChatTests.xctest; sourceTree = BUILT_PRODUCTS_DIR; };
		06E6851024FFEBD1004FD855 /* iChatTests.swift */ = {isa = PBXFileReference; lastKnownFileType = sourcecode.swift; path = iChatTests.swift; sourceTree = "<group>"; };
		06E6851224FFEBD1004FD855 /* Info.plist */ = {isa = PBXFileReference; lastKnownFileType = text.plist.xml; path = Info.plist; sourceTree = "<group>"; };
		06E6851824FFF442004FD855 /* UIButton + Extension.swift */ = {isa = PBXFileReference; lastKnownFileType = sourcecode.swift; path = "UIButton + Extension.swift"; sourceTree = "<group>"; };
		6FB769328419169F5E197FC3 /* Pods-iChat.debug.xcconfig */ = {isa = PBXFileReference; includeInIndex = 1; lastKnownFileType = text.xcconfig; name = "Pods-iChat.debug.xcconfig"; path = "Target Support Files/Pods-iChat/Pods-iChat.debug.xcconfig"; sourceTree = "<group>"; };
		77BAB4FDF92C37F7AB2AF077 /* Pods_iChat.framework */ = {isa = PBXFileReference; explicitFileType = wrapper.framework; includeInIndex = 0; path = Pods_iChat.framework; sourceTree = BUILT_PRODUCTS_DIR; };
		8892BB95FAA0F17F180E73EE /* Pods-iChatTests.debug.xcconfig */ = {isa = PBXFileReference; includeInIndex = 1; lastKnownFileType = text.xcconfig; name = "Pods-iChatTests.debug.xcconfig"; path = "Target Support Files/Pods-iChatTests/Pods-iChatTests.debug.xcconfig"; sourceTree = "<group>"; };
		8C0B12D77D8A06D3C76F3F50 /* Pods-iChatTests.release.xcconfig */ = {isa = PBXFileReference; includeInIndex = 1; lastKnownFileType = text.xcconfig; name = "Pods-iChatTests.release.xcconfig"; path = "Target Support Files/Pods-iChatTests/Pods-iChatTests.release.xcconfig"; sourceTree = "<group>"; };
		EF4E2B526B5D005FFC2597DA /* Pods-iChat.release.xcconfig */ = {isa = PBXFileReference; includeInIndex = 1; lastKnownFileType = text.xcconfig; name = "Pods-iChat.release.xcconfig"; path = "Target Support Files/Pods-iChat/Pods-iChat.release.xcconfig"; sourceTree = "<group>"; };
		F90873FA6700E0BE337BC033 /* Pods_iChatTests.framework */ = {isa = PBXFileReference; explicitFileType = wrapper.framework; includeInIndex = 0; path = Pods_iChatTests.framework; sourceTree = BUILT_PRODUCTS_DIR; };
/* End PBXFileReference section */

/* Begin PBXFrameworksBuildPhase section */
		06E684F024FFEBBB004FD855 /* Frameworks */ = {
			isa = PBXFrameworksBuildPhase;
			buildActionMask = 2147483647;
			files = (
				CA64186F17CD6A6141312FB2 /* Pods_iChat.framework in Frameworks */,
			);
			runOnlyForDeploymentPostprocessing = 0;
		};
		06E6850B24FFEBD0004FD855 /* Frameworks */ = {
			isa = PBXFrameworksBuildPhase;
			buildActionMask = 2147483647;
			files = (
				FCC7A5AE0865402AFBE767CB /* Pods_iChatTests.framework in Frameworks */,
			);
			runOnlyForDeploymentPostprocessing = 0;
		};
/* End PBXFrameworksBuildPhase section */

/* Begin PBXGroup section */
		06036A8925AF70F700105682 /* Cell */ = {
			isa = PBXGroup;
			children = (
				06036A8A25AF710600105682 /* ActiveChatsCell.swift */,
				06C2487D25B1868300DD6CBF /* WaitingChatsCell.swift */,
				0648060425B5E76A00B33D17 /* UserCell.swift */,
			);
			path = Cell;
			sourceTree = "<group>";
		};
		0665C97725B42791001FEAED /* Model */ = {
			isa = PBXGroup;
			children = (
				0665C96F25B4271F001FEAED /* MUser.swift */,
				0665C97325B4272E001FEAED /* MChat.swift */,
			);
			path = Model;
			sourceTree = "<group>";
		};
		06999CD925BC481C00FB96CE /* Services */ = {
			isa = PBXGroup;
			children = (
				06999CDC25BC485C00FB96CE /* AuthService.swift */,
				0665C97725B42791001FEAED /* Model */,
			);
			path = Services;
			sourceTree = "<group>";
		};
		06C026F225BB592400372FDA /* Header */ = {
			isa = PBXGroup;
			children = (
				06DBE89725B31C4200052FEB /* SectionHeader.swift */,
			);
			path = Header;
			sourceTree = "<group>";
		};
		06C2488525B1881400DD6CBF /* Protocols */ = {
			isa = PBXGroup;
			children = (
				06C2488125B187F600DD6CBF /* SelfConfiguringCell.swift */,
			);
			path = Protocols;
			sourceTree = "<group>";
		};
		06E0830325AAFFFE0034EDEF /* Sign-In & Auth */ = {
			isa = PBXGroup;
			children = (
				06E684FA24FFEBBB004FD855 /* AuthViewController.swift */,
				064C34F125A4E39300CAED9A /* SignUpViewController.swift */,
				06A80DE225A6FEC0001E1A41 /* LoginViewController.swift */,
				06E09F9E25A71BBC00E25886 /* SetupProfileViewController.swift */,
			);
			path = "Sign-In & Auth";
			sourceTree = "<group>";
		};
		06E0830825AB003A0034EDEF /* Controllers */ = {
			isa = PBXGroup;
			children = (
				06E082FF25AAFE020034EDEF /* ListViewController.swift */,
				06E0830F25AB00C90034EDEF /* PeopleViewController.swift */,
				060E640B25B87E2F0045D848 /* ProfileViewController.swift */,
				06C026ED25BB502600372FDA /* ChatRequestViewController.swift */,
				06E0830B25AB00650034EDEF /* MainTabBarController.swift */,
				06036A8925AF70F700105682 /* Cell */,
				06C026F225BB592400372FDA /* Header */,
			);
			path = Controllers;
			sourceTree = "<group>";
		};
		06E684EA24FFEBBB004FD855 = {
			isa = PBXGroup;
			children = (
				06E684F524FFEBBB004FD855 /* iChat */,
				06E6850F24FFEBD1004FD855 /* iChatTests */,
				06E684F424FFEBBB004FD855 /* Products */,
				592CE624A5B9776F38901733 /* Pods */,
				5531B474F109707961A92990 /* Frameworks */,
			);
			sourceTree = "<group>";
		};
		06E684F424FFEBBB004FD855 /* Products */ = {
			isa = PBXGroup;
			children = (
				06E684F324FFEBBB004FD855 /* iChat.app */,
				06E6850E24FFEBD0004FD855 /* iChatTests.xctest */,
			);
			name = Products;
			sourceTree = "<group>";
		};
		06E684F524FFEBBB004FD855 /* iChat */ = {
			isa = PBXGroup;
			children = (
				06E684F624FFEBBB004FD855 /* AppDelegate.swift */,
				06E684F824FFEBBB004FD855 /* SceneDelegate.swift */,
				06999CD925BC481C00FB96CE /* Services */,
				06E0830825AB003A0034EDEF /* Controllers */,
				06E0830325AAFFFE0034EDEF /* Sign-In & Auth */,
				06C2488525B1881400DD6CBF /* Protocols */,
				06E85A612504C86E00D1A52E /* Extensions */,
				06E684FF24FFEBBE004FD855 /* Assets.xcassets */,
				06E6850124FFEBBE004FD855 /* LaunchScreen.storyboard */,
				06E6850424FFEBBE004FD855 /* Info.plist */,
				06BE1F0125BC2BF40077DF95 /* GoogleService-Info.plist */,
			);
			path = iChat;
			sourceTree = "<group>";
		};
		06E6850F24FFEBD1004FD855 /* iChatTests */ = {
			isa = PBXGroup;
			children = (
				06E6851024FFEBD1004FD855 /* iChatTests.swift */,
				06E6851224FFEBD1004FD855 /* Info.plist */,
			);
			path = iChatTests;
			sourceTree = "<group>";
		};
		06E85A602504C85D00D1A52E /* UIKit */ = {
			isa = PBXGroup;
			children = (
				0665C96925B42289001FEAED /* users.json */,
				06036A9625AF7DA900105682 /* activeChats.json */,
				06036A9C25AF7DD700105682 /* waitingChats.json */,
				06E6851824FFF442004FD855 /* UIButton + Extension.swift */,
				061C3EB72500E13A00A922A6 /* UIFont + Extension.swift */,
				061C3EB92500E38D00A922A6 /* UIColor + Extension.swift */,
				061C3EBB2500E6D100A922A6 /* Label + Extension.swift */,
				06445D8125B97AC4000C4F66 /* UIView + Extension.swift */,
				061C3EBD2500E79700A922A6 /* UIImageView + Extension.swift */,
				0697668A2512543A004BA591 /* StackView + Extension.swift */,
				062F288525A9AD9300D0F0CD /* SegmentedControl + Extension.swift */,
				06C4C30525B741260071AF82 /* UIViewController + Extension.swift */,
			);
			path = UIKit;
			sourceTree = "<group>";
		};
		06E85A612504C86E00D1A52E /* Extensions */ = {
			isa = PBXGroup;
			children = (
				064C34F525A4E68800CAED9A /* OneLineTextField.swift */,
				0619EDF325A8A2CE00F55A13 /* AddPhotoView.swift */,
				06976688251218B2004BA591 /* ButtonFormView.swift */,
				0624057B25B0A634007592DE /* GradientView.swift */,
				0610855025ADFC63006AFD94 /* Bundle-Decodable.swift */,
				06E85A602504C85D00D1A52E /* UIKit */,
				06445D7D25B9730D000C4F66 /* InsertableTextField.swift */,
			);
			path = Extensions;
			sourceTree = "<group>";
		};
		5531B474F109707961A92990 /* Frameworks */ = {
			isa = PBXGroup;
			children = (
				77BAB4FDF92C37F7AB2AF077 /* Pods_iChat.framework */,
				F90873FA6700E0BE337BC033 /* Pods_iChatTests.framework */,
			);
			name = Frameworks;
			sourceTree = "<group>";
		};
		592CE624A5B9776F38901733 /* Pods */ = {
			isa = PBXGroup;
			children = (
				6FB769328419169F5E197FC3 /* Pods-iChat.debug.xcconfig */,
				EF4E2B526B5D005FFC2597DA /* Pods-iChat.release.xcconfig */,
				8892BB95FAA0F17F180E73EE /* Pods-iChatTests.debug.xcconfig */,
				8C0B12D77D8A06D3C76F3F50 /* Pods-iChatTests.release.xcconfig */,
			);
			path = Pods;
			sourceTree = "<group>";
		};
/* End PBXGroup section */

/* Begin PBXNativeTarget section */
		06E684F224FFEBBB004FD855 /* iChat */ = {
			isa = PBXNativeTarget;
			buildConfigurationList = 06E6850724FFEBBE004FD855 /* Build configuration list for PBXNativeTarget "iChat" */;
			buildPhases = (
				F3B061B4A028F4192C66F6D2 /* [CP] Check Pods Manifest.lock */,
				06E684EF24FFEBBB004FD855 /* Sources */,
				06E684F024FFEBBB004FD855 /* Frameworks */,
				06E684F124FFEBBB004FD855 /* Resources */,
				78A8FE35EEB0E548614A9ACB /* [CP] Embed Pods Frameworks */,
			);
			buildRules = (
			);
			dependencies = (
			);
			name = iChat;
			productName = iChat;
			productReference = 06E684F324FFEBBB004FD855 /* iChat.app */;
			productType = "com.apple.product-type.application";
		};
		06E6850D24FFEBD0004FD855 /* iChatTests */ = {
			isa = PBXNativeTarget;
			buildConfigurationList = 06E6851524FFEBD1004FD855 /* Build configuration list for PBXNativeTarget "iChatTests" */;
			buildPhases = (
				F3DFE32635AA3947DD3F560D /* [CP] Check Pods Manifest.lock */,
				06E6850A24FFEBD0004FD855 /* Sources */,
				06E6850B24FFEBD0004FD855 /* Frameworks */,
				06E6850C24FFEBD0004FD855 /* Resources */,
			);
			buildRules = (
			);
			dependencies = (
				06E6851424FFEBD1004FD855 /* PBXTargetDependency */,
			);
			name = iChatTests;
			productName = iChatTests;
			productReference = 06E6850E24FFEBD0004FD855 /* iChatTests.xctest */;
			productType = "com.apple.product-type.bundle.unit-test";
		};
/* End PBXNativeTarget section */

/* Begin PBXProject section */
		06E684EB24FFEBBB004FD855 /* Project object */ = {
			isa = PBXProject;
			attributes = {
				LastSwiftUpdateCheck = 1160;
				LastUpgradeCheck = 1200;
				ORGANIZATIONNAME = "Serhii Demianenko";
				TargetAttributes = {
					06E684F224FFEBBB004FD855 = {
						CreatedOnToolsVersion = 11.6;
					};
					06E6850D24FFEBD0004FD855 = {
						CreatedOnToolsVersion = 11.6;
						TestTargetID = 06E684F224FFEBBB004FD855;
					};
				};
			};
			buildConfigurationList = 06E684EE24FFEBBB004FD855 /* Build configuration list for PBXProject "iChat" */;
			compatibilityVersion = "Xcode 9.3";
			developmentRegion = en;
			hasScannedForEncodings = 0;
			knownRegions = (
				en,
				Base,
			);
			mainGroup = 06E684EA24FFEBBB004FD855;
			productRefGroup = 06E684F424FFEBBB004FD855 /* Products */;
			projectDirPath = "";
			projectRoot = "";
			targets = (
				06E684F224FFEBBB004FD855 /* iChat */,
				06E6850D24FFEBD0004FD855 /* iChatTests */,
			);
		};
/* End PBXProject section */

/* Begin PBXResourcesBuildPhase section */
		06E684F124FFEBBB004FD855 /* Resources */ = {
			isa = PBXResourcesBuildPhase;
			buildActionMask = 2147483647;
			files = (
				0665C96A25B42289001FEAED /* users.json in Resources */,
				06036A9D25AF7DD700105682 /* waitingChats.json in Resources */,
				06036A9725AF7DA900105682 /* activeChats.json in Resources */,
				06E6850324FFEBBE004FD855 /* LaunchScreen.storyboard in Resources */,
				06E6850024FFEBBE004FD855 /* Assets.xcassets in Resources */,
				06BE1F0225BC2BF40077DF95 /* GoogleService-Info.plist in Resources */,
			);
			runOnlyForDeploymentPostprocessing = 0;
		};
		06E6850C24FFEBD0004FD855 /* Resources */ = {
			isa = PBXResourcesBuildPhase;
			buildActionMask = 2147483647;
			files = (
			);
			runOnlyForDeploymentPostprocessing = 0;
		};
/* End PBXResourcesBuildPhase section */

/* Begin PBXShellScriptBuildPhase section */
		78A8FE35EEB0E548614A9ACB /* [CP] Embed Pods Frameworks */ = {
			isa = PBXShellScriptBuildPhase;
			buildActionMask = 2147483647;
			files = (
			);
			inputFileListPaths = (
				"${PODS_ROOT}/Target Support Files/Pods-iChat/Pods-iChat-frameworks-${CONFIGURATION}-input-files.xcfilelist",
			);
			name = "[CP] Embed Pods Frameworks";
			outputFileListPaths = (
				"${PODS_ROOT}/Target Support Files/Pods-iChat/Pods-iChat-frameworks-${CONFIGURATION}-output-files.xcfilelist",
			);
			runOnlyForDeploymentPostprocessing = 0;
			shellPath = /bin/sh;
			shellScript = "\"${PODS_ROOT}/Target Support Files/Pods-iChat/Pods-iChat-frameworks.sh\"\n";
			showEnvVarsInLog = 0;
		};
		F3B061B4A028F4192C66F6D2 /* [CP] Check Pods Manifest.lock */ = {
			isa = PBXShellScriptBuildPhase;
			buildActionMask = 2147483647;
			files = (
			);
			inputFileListPaths = (
			);
			inputPaths = (
				"${PODS_PODFILE_DIR_PATH}/Podfile.lock",
				"${PODS_ROOT}/Manifest.lock",
			);
			name = "[CP] Check Pods Manifest.lock";
			outputFileListPaths = (
			);
			outputPaths = (
				"$(DERIVED_FILE_DIR)/Pods-iChat-checkManifestLockResult.txt",
			);
			runOnlyForDeploymentPostprocessing = 0;
			shellPath = /bin/sh;
			shellScript = "diff \"${PODS_PODFILE_DIR_PATH}/Podfile.lock\" \"${PODS_ROOT}/Manifest.lock\" > /dev/null\nif [ $? != 0 ] ; then\n    # print error to STDERR\n    echo \"error: The sandbox is not in sync with the Podfile.lock. Run 'pod install' or update your CocoaPods installation.\" >&2\n    exit 1\nfi\n# This output is used by Xcode 'outputs' to avoid re-running this script phase.\necho \"SUCCESS\" > \"${SCRIPT_OUTPUT_FILE_0}\"\n";
			showEnvVarsInLog = 0;
		};
		F3DFE32635AA3947DD3F560D /* [CP] Check Pods Manifest.lock */ = {
			isa = PBXShellScriptBuildPhase;
			buildActionMask = 2147483647;
			files = (
			);
			inputFileListPaths = (
			);
			inputPaths = (
				"${PODS_PODFILE_DIR_PATH}/Podfile.lock",
				"${PODS_ROOT}/Manifest.lock",
			);
			name = "[CP] Check Pods Manifest.lock";
			outputFileListPaths = (
			);
			outputPaths = (
				"$(DERIVED_FILE_DIR)/Pods-iChatTests-checkManifestLockResult.txt",
			);
			runOnlyForDeploymentPostprocessing = 0;
			shellPath = /bin/sh;
			shellScript = "diff \"${PODS_PODFILE_DIR_PATH}/Podfile.lock\" \"${PODS_ROOT}/Manifest.lock\" > /dev/null\nif [ $? != 0 ] ; then\n    # print error to STDERR\n    echo \"error: The sandbox is not in sync with the Podfile.lock. Run 'pod install' or update your CocoaPods installation.\" >&2\n    exit 1\nfi\n# This output is used by Xcode 'outputs' to avoid re-running this script phase.\necho \"SUCCESS\" > \"${SCRIPT_OUTPUT_FILE_0}\"\n";
			showEnvVarsInLog = 0;
		};
/* End PBXShellScriptBuildPhase section */

/* Begin PBXSourcesBuildPhase section */
		06E684EF24FFEBBB004FD855 /* Sources */ = {
			isa = PBXSourcesBuildPhase;
			buildActionMask = 2147483647;
			files = (
				0665C97425B4272E001FEAED /* MChat.swift in Sources */,
				06E0830025AAFE020034EDEF /* ListViewController.swift in Sources */,
				064C34F625A4E68800CAED9A /* OneLineTextField.swift in Sources */,
				06DBE89825B31C4200052FEB /* SectionHeader.swift in Sources */,
				0624057C25B0A634007592DE /* GradientView.swift in Sources */,
				06E0830C25AB00650034EDEF /* MainTabBarController.swift in Sources */,
				064C34F225A4E39300CAED9A /* SignUpViewController.swift in Sources */,
				0665C97025B4271F001FEAED /* MUser.swift in Sources */,
				061C3EB82500E13A00A922A6 /* UIFont + Extension.swift in Sources */,
				06E0831025AB00C90034EDEF /* PeopleViewController.swift in Sources */,
				06445D7E25B9730D000C4F66 /* InsertableTextField.swift in Sources */,
				06E684FB24FFEBBB004FD855 /* AuthViewController.swift in Sources */,
				0610855125ADFC63006AFD94 /* Bundle-Decodable.swift in Sources */,
				060E640C25B87E2F0045D848 /* ProfileViewController.swift in Sources */,
				06E09F9F25A71BBC00E25886 /* SetupProfileViewController.swift in Sources */,
				06C026EE25BB502600372FDA /* ChatRequestViewController.swift in Sources */,
				061C3EBC2500E6D100A922A6 /* Label + Extension.swift in Sources */,
				06976689251218B2004BA591 /* ButtonFormView.swift in Sources */,
				0619EDF425A8A2CE00F55A13 /* AddPhotoView.swift in Sources */,
				06E684F724FFEBBB004FD855 /* AppDelegate.swift in Sources */,
				061C3EBE2500E79700A922A6 /* UIImageView + Extension.swift in Sources */,
				06445D8225B97AC4000C4F66 /* UIView + Extension.swift in Sources */,
				062F288625A9AD9300D0F0CD /* SegmentedControl + Extension.swift in Sources */,
				061C3EBA2500E38D00A922A6 /* UIColor + Extension.swift in Sources */,
				0648060525B5E76A00B33D17 /* UserCell.swift in Sources */,
				06C4C30625B741260071AF82 /* UIViewController + Extension.swift in Sources */,
				06C2488225B187F600DD6CBF /* SelfConfiguringCell.swift in Sources */,
				06E684F924FFEBBB004FD855 /* SceneDelegate.swift in Sources */,
				06036A8B25AF710600105682 /* ActiveChatsCell.swift in Sources */,
				06E6851924FFF442004FD855 /* UIButton + Extension.swift in Sources */,
				06C2487E25B1868300DD6CBF /* WaitingChatsCell.swift in Sources */,
				06999CDD25BC485C00FB96CE /* AuthService.swift in Sources */,
				06A80DE325A6FEC0001E1A41 /* LoginViewController.swift in Sources */,
				0697668B2512543A004BA591 /* StackView + Extension.swift in Sources */,
			);
			runOnlyForDeploymentPostprocessing = 0;
		};
		06E6850A24FFEBD0004FD855 /* Sources */ = {
			isa = PBXSourcesBuildPhase;
			buildActionMask = 2147483647;
			files = (
				06999CDE25BC485C00FB96CE /* AuthService.swift in Sources */,
				06C026EF25BB502600372FDA /* ChatRequestViewController.swift in Sources */,
				06E6851124FFEBD1004FD855 /* iChatTests.swift in Sources */,
			);
			runOnlyForDeploymentPostprocessing = 0;
		};
/* End PBXSourcesBuildPhase section */

/* Begin PBXTargetDependency section */
		06E6851424FFEBD1004FD855 /* PBXTargetDependency */ = {
			isa = PBXTargetDependency;
			target = 06E684F224FFEBBB004FD855 /* iChat */;
			targetProxy = 06E6851324FFEBD1004FD855 /* PBXContainerItemProxy */;
		};
/* End PBXTargetDependency section */

/* Begin PBXVariantGroup section */
		06E6850124FFEBBE004FD855 /* LaunchScreen.storyboard */ = {
			isa = PBXVariantGroup;
			children = (
				06E6850224FFEBBE004FD855 /* Base */,
			);
			name = LaunchScreen.storyboard;
			sourceTree = "<group>";
		};
/* End PBXVariantGroup section */

/* Begin XCBuildConfiguration section */
		06E6850524FFEBBE004FD855 /* Debug */ = {
			isa = XCBuildConfiguration;
			buildSettings = {
				ALWAYS_SEARCH_USER_PATHS = NO;
				CLANG_ANALYZER_NONNULL = YES;
				CLANG_ANALYZER_NUMBER_OBJECT_CONVERSION = YES_AGGRESSIVE;
				CLANG_CXX_LANGUAGE_STANDARD = "gnu++14";
				CLANG_CXX_LIBRARY = "libc++";
				CLANG_ENABLE_MODULES = YES;
				CLANG_ENABLE_OBJC_ARC = YES;
				CLANG_ENABLE_OBJC_WEAK = YES;
				CLANG_WARN_BLOCK_CAPTURE_AUTORELEASING = YES;
				CLANG_WARN_BOOL_CONVERSION = YES;
				CLANG_WARN_COMMA = YES;
				CLANG_WARN_CONSTANT_CONVERSION = YES;
				CLANG_WARN_DEPRECATED_OBJC_IMPLEMENTATIONS = YES;
				CLANG_WARN_DIRECT_OBJC_ISA_USAGE = YES_ERROR;
				CLANG_WARN_DOCUMENTATION_COMMENTS = YES;
				CLANG_WARN_EMPTY_BODY = YES;
				CLANG_WARN_ENUM_CONVERSION = YES;
				CLANG_WARN_INFINITE_RECURSION = YES;
				CLANG_WARN_INT_CONVERSION = YES;
				CLANG_WARN_NON_LITERAL_NULL_CONVERSION = YES;
				CLANG_WARN_OBJC_IMPLICIT_RETAIN_SELF = YES;
				CLANG_WARN_OBJC_LITERAL_CONVERSION = YES;
				CLANG_WARN_OBJC_ROOT_CLASS = YES_ERROR;
				CLANG_WARN_QUOTED_INCLUDE_IN_FRAMEWORK_HEADER = YES;
				CLANG_WARN_RANGE_LOOP_ANALYSIS = YES;
				CLANG_WARN_STRICT_PROTOTYPES = YES;
				CLANG_WARN_SUSPICIOUS_MOVE = YES;
				CLANG_WARN_UNGUARDED_AVAILABILITY = YES_AGGRESSIVE;
				CLANG_WARN_UNREACHABLE_CODE = YES;
				CLANG_WARN__DUPLICATE_METHOD_MATCH = YES;
				COPY_PHASE_STRIP = NO;
				DEBUG_INFORMATION_FORMAT = dwarf;
				ENABLE_STRICT_OBJC_MSGSEND = YES;
				ENABLE_TESTABILITY = YES;
				GCC_C_LANGUAGE_STANDARD = gnu11;
				GCC_DYNAMIC_NO_PIC = NO;
				GCC_NO_COMMON_BLOCKS = YES;
				GCC_OPTIMIZATION_LEVEL = 0;
				GCC_PREPROCESSOR_DEFINITIONS = (
					"DEBUG=1",
					"$(inherited)",
				);
				GCC_WARN_64_TO_32_BIT_CONVERSION = YES;
				GCC_WARN_ABOUT_RETURN_TYPE = YES_ERROR;
				GCC_WARN_UNDECLARED_SELECTOR = YES;
				GCC_WARN_UNINITIALIZED_AUTOS = YES_AGGRESSIVE;
				GCC_WARN_UNUSED_FUNCTION = YES;
				GCC_WARN_UNUSED_VARIABLE = YES;
				IPHONEOS_DEPLOYMENT_TARGET = 13.6;
				MTL_ENABLE_DEBUG_INFO = INCLUDE_SOURCE;
				MTL_FAST_MATH = YES;
				ONLY_ACTIVE_ARCH = YES;
				SDKROOT = iphoneos;
				SWIFT_ACTIVE_COMPILATION_CONDITIONS = DEBUG;
				SWIFT_OPTIMIZATION_LEVEL = "-Onone";
			};
			name = Debug;
		};
		06E6850624FFEBBE004FD855 /* Release */ = {
			isa = XCBuildConfiguration;
			buildSettings = {
				ALWAYS_SEARCH_USER_PATHS = NO;
				CLANG_ANALYZER_NONNULL = YES;
				CLANG_ANALYZER_NUMBER_OBJECT_CONVERSION = YES_AGGRESSIVE;
				CLANG_CXX_LANGUAGE_STANDARD = "gnu++14";
				CLANG_CXX_LIBRARY = "libc++";
				CLANG_ENABLE_MODULES = YES;
				CLANG_ENABLE_OBJC_ARC = YES;
				CLANG_ENABLE_OBJC_WEAK = YES;
				CLANG_WARN_BLOCK_CAPTURE_AUTORELEASING = YES;
				CLANG_WARN_BOOL_CONVERSION = YES;
				CLANG_WARN_COMMA = YES;
				CLANG_WARN_CONSTANT_CONVERSION = YES;
				CLANG_WARN_DEPRECATED_OBJC_IMPLEMENTATIONS = YES;
				CLANG_WARN_DIRECT_OBJC_ISA_USAGE = YES_ERROR;
				CLANG_WARN_DOCUMENTATION_COMMENTS = YES;
				CLANG_WARN_EMPTY_BODY = YES;
				CLANG_WARN_ENUM_CONVERSION = YES;
				CLANG_WARN_INFINITE_RECURSION = YES;
				CLANG_WARN_INT_CONVERSION = YES;
				CLANG_WARN_NON_LITERAL_NULL_CONVERSION = YES;
				CLANG_WARN_OBJC_IMPLICIT_RETAIN_SELF = YES;
				CLANG_WARN_OBJC_LITERAL_CONVERSION = YES;
				CLANG_WARN_OBJC_ROOT_CLASS = YES_ERROR;
				CLANG_WARN_QUOTED_INCLUDE_IN_FRAMEWORK_HEADER = YES;
				CLANG_WARN_RANGE_LOOP_ANALYSIS = YES;
				CLANG_WARN_STRICT_PROTOTYPES = YES;
				CLANG_WARN_SUSPICIOUS_MOVE = YES;
				CLANG_WARN_UNGUARDED_AVAILABILITY = YES_AGGRESSIVE;
				CLANG_WARN_UNREACHABLE_CODE = YES;
				CLANG_WARN__DUPLICATE_METHOD_MATCH = YES;
				COPY_PHASE_STRIP = NO;
				DEBUG_INFORMATION_FORMAT = "dwarf-with-dsym";
				ENABLE_NS_ASSERTIONS = NO;
				ENABLE_STRICT_OBJC_MSGSEND = YES;
				GCC_C_LANGUAGE_STANDARD = gnu11;
				GCC_NO_COMMON_BLOCKS = YES;
				GCC_WARN_64_TO_32_BIT_CONVERSION = YES;
				GCC_WARN_ABOUT_RETURN_TYPE = YES_ERROR;
				GCC_WARN_UNDECLARED_SELECTOR = YES;
				GCC_WARN_UNINITIALIZED_AUTOS = YES_AGGRESSIVE;
				GCC_WARN_UNUSED_FUNCTION = YES;
				GCC_WARN_UNUSED_VARIABLE = YES;
				IPHONEOS_DEPLOYMENT_TARGET = 13.6;
				MTL_ENABLE_DEBUG_INFO = NO;
				MTL_FAST_MATH = YES;
				SDKROOT = iphoneos;
				SWIFT_COMPILATION_MODE = wholemodule;
				SWIFT_OPTIMIZATION_LEVEL = "-O";
				VALIDATE_PRODUCT = YES;
			};
			name = Release;
		};
		06E6850824FFEBBE004FD855 /* Debug */ = {
			isa = XCBuildConfiguration;
			baseConfigurationReference = 6FB769328419169F5E197FC3 /* Pods-iChat.debug.xcconfig */;
			buildSettings = {
				ASSETCATALOG_COMPILER_APPICON_NAME = AppIcon;
				CODE_SIGN_STYLE = Automatic;
				DEVELOPMENT_TEAM = 52U947422P;
				INFOPLIST_FILE = iChat/Info.plist;
				LD_RUNPATH_SEARCH_PATHS = (
					"$(inherited)",
					"@executable_path/Frameworks",
				);
				PRODUCT_BUNDLE_IDENTIFIER = harma.iChat;
				PRODUCT_NAME = "$(TARGET_NAME)";
				SWIFT_VERSION = 5.0;
				TARGETED_DEVICE_FAMILY = "1,2";
			};
			name = Debug;
		};
		06E6850924FFEBBE004FD855 /* Release */ = {
			isa = XCBuildConfiguration;
			baseConfigurationReference = EF4E2B526B5D005FFC2597DA /* Pods-iChat.release.xcconfig */;
			buildSettings = {
				ASSETCATALOG_COMPILER_APPICON_NAME = AppIcon;
				CODE_SIGN_STYLE = Automatic;
				DEVELOPMENT_TEAM = 52U947422P;
				INFOPLIST_FILE = iChat/Info.plist;
				LD_RUNPATH_SEARCH_PATHS = (
					"$(inherited)",
					"@executable_path/Frameworks",
				);
				PRODUCT_BUNDLE_IDENTIFIER = harma.iChat;
				PRODUCT_NAME = "$(TARGET_NAME)";
				SWIFT_VERSION = 5.0;
				TARGETED_DEVICE_FAMILY = "1,2";
			};
			name = Release;
		};
		06E6851624FFEBD1004FD855 /* Debug */ = {
			isa = XCBuildConfiguration;
			baseConfigurationReference = 8892BB95FAA0F17F180E73EE /* Pods-iChatTests.debug.xcconfig */;
			buildSettings = {
				BUNDLE_LOADER = "$(TEST_HOST)";
				CODE_SIGN_STYLE = Automatic;
				DEFINES_MODULE = YES;
				DEVELOPMENT_TEAM = 52U947422P;
				INFOPLIST_FILE = iChatTests/Info.plist;
				LD_RUNPATH_SEARCH_PATHS = (
					"$(inherited)",
					"@executable_path/Frameworks",
					"@loader_path/Frameworks",
				);
				PRODUCT_BUNDLE_IDENTIFIER = harma.iChatTests;
				PRODUCT_NAME = "$(TARGET_NAME)";
				SWIFT_VERSION = 5.0;
				TARGETED_DEVICE_FAMILY = "1,2";
				TEST_HOST = "$(BUILT_PRODUCTS_DIR)/iChat.app/iChat";
			};
			name = Debug;
		};
		06E6851724FFEBD1004FD855 /* Release */ = {
			isa = XCBuildConfiguration;
			baseConfigurationReference = 8C0B12D77D8A06D3C76F3F50 /* Pods-iChatTests.release.xcconfig */;
			buildSettings = {
				BUNDLE_LOADER = "$(TEST_HOST)";
				CODE_SIGN_STYLE = Automatic;
				DEFINES_MODULE = YES;
				DEVELOPMENT_TEAM = 52U947422P;
				INFOPLIST_FILE = iChatTests/Info.plist;
				LD_RUNPATH_SEARCH_PATHS = (
					"$(inherited)",
					"@executable_path/Frameworks",
					"@loader_path/Frameworks",
				);
				PRODUCT_BUNDLE_IDENTIFIER = harma.iChatTests;
				PRODUCT_NAME = "$(TARGET_NAME)";
				SWIFT_VERSION = 5.0;
				TARGETED_DEVICE_FAMILY = "1,2";
				TEST_HOST = "$(BUILT_PRODUCTS_DIR)/iChat.app/iChat";
			};
			name = Release;
		};
/* End XCBuildConfiguration section */

/* Begin XCConfigurationList section */
		06E684EE24FFEBBB004FD855 /* Build configuration list for PBXProject "iChat" */ = {
			isa = XCConfigurationList;
			buildConfigurations = (
				06E6850524FFEBBE004FD855 /* Debug */,
				06E6850624FFEBBE004FD855 /* Release */,
			);
			defaultConfigurationIsVisible = 0;
			defaultConfigurationName = Release;
		};
		06E6850724FFEBBE004FD855 /* Build configuration list for PBXNativeTarget "iChat" */ = {
			isa = XCConfigurationList;
			buildConfigurations = (
				06E6850824FFEBBE004FD855 /* Debug */,
				06E6850924FFEBBE004FD855 /* Release */,
			);
			defaultConfigurationIsVisible = 0;
			defaultConfigurationName = Release;
		};
		06E6851524FFEBD1004FD855 /* Build configuration list for PBXNativeTarget "iChatTests" */ = {
			isa = XCConfigurationList;
			buildConfigurations = (
				06E6851624FFEBD1004FD855 /* Debug */,
				06E6851724FFEBD1004FD855 /* Release */,
			);
			defaultConfigurationIsVisible = 0;
			defaultConfigurationName = Release;
		};
/* End XCConfigurationList section */
	};
	rootObject = 06E684EB24FFEBBB004FD855 /* Project object */;
}
