// !$*UTF8*$!
{
	archiveVersion = 1;
	classes = {
	};
	objectVersion = 50;
	objects = {

/* Begin PBXBuildFile section */
		06036A8B25AF710600105682 /* ActiveChatsCell.swift in Sources */ = {isa = PBXBuildFile; fileRef = 06036A8A25AF710600105682 /* ActiveChatsCell.swift */; };
		06036A9725AF7DA900105682 /* activeChats.json in Resources */ = {isa = PBXBuildFile; fileRef = 06036A9625AF7DA900105682 /* activeChats.json */; };
		06036A9D25AF7DD700105682 /* waitingChats.json in Resources */ = {isa = PBXBuildFile; fileRef = 06036A9C25AF7DD700105682 /* waitingChats.json */; };
		0610855125ADFC63006AFD94 /* Bundle-Decodable.swift in Sources */ = {isa = PBXBuildFile; fileRef = 0610855025ADFC63006AFD94 /* Bundle-Decodable.swift */; };
		0619EDF425A8A2CE00F55A13 /* AddPhotoView.swift in Sources */ = {isa = PBXBuildFile; fileRef = 0619EDF325A8A2CE00F55A13 /* AddPhotoView.swift */; };
		061C3EB82500E13A00A922A6 /* UIFont + Extension.swift in Sources */ = {isa = PBXBuildFile; fileRef = 061C3EB72500E13A00A922A6 /* UIFont + Extension.swift */; };
		061C3EBA2500E38D00A922A6 /* UIColor + Extension.swift in Sources */ = {isa = PBXBuildFile; fileRef = 061C3EB92500E38D00A922A6 /* UIColor + Extension.swift */; };
		061C3EBC2500E6D100A922A6 /* Label + Extension.swift in Sources */ = {isa = PBXBuildFile; fileRef = 061C3EBB2500E6D100A922A6 /* Label + Extension.swift */; };
		061C3EBE2500E79700A922A6 /* UIImageView + Extension.swift in Sources */ = {isa = PBXBuildFile; fileRef = 061C3EBD2500E79700A922A6 /* UIImageView + Extension.swift */; };
		062F288625A9AD9300D0F0CD /* SegmentedControl + Extension.swift in Sources */ = {isa = PBXBuildFile; fileRef = 062F288525A9AD9300D0F0CD /* SegmentedControl + Extension.swift */; };
		064C34F225A4E39300CAED9A /* SignUpViewController.swift in Sources */ = {isa = PBXBuildFile; fileRef = 064C34F125A4E39300CAED9A /* SignUpViewController.swift */; };
		064C34F625A4E68800CAED9A /* OneLineTextField.swift in Sources */ = {isa = PBXBuildFile; fileRef = 064C34F525A4E68800CAED9A /* OneLineTextField.swift */; };
		06976689251218B2004BA591 /* ButtonFormView.swift in Sources */ = {isa = PBXBuildFile; fileRef = 06976688251218B2004BA591 /* ButtonFormView.swift */; };
		0697668B2512543A004BA591 /* StackView + Extension.swift in Sources */ = {isa = PBXBuildFile; fileRef = 0697668A2512543A004BA591 /* StackView + Extension.swift */; };
		06A80DE325A6FEC0001E1A41 /* LoginViewController.swift in Sources */ = {isa = PBXBuildFile; fileRef = 06A80DE225A6FEC0001E1A41 /* LoginViewController.swift */; };
		06E0830025AAFE020034EDEF /* ListViewController.swift in Sources */ = {isa = PBXBuildFile; fileRef = 06E082FF25AAFE020034EDEF /* ListViewController.swift */; };
		06E0830C25AB00650034EDEF /* MainTabBarController.swift in Sources */ = {isa = PBXBuildFile; fileRef = 06E0830B25AB00650034EDEF /* MainTabBarController.swift */; };
		06E0831025AB00C90034EDEF /* PeopleViewController.swift in Sources */ = {isa = PBXBuildFile; fileRef = 06E0830F25AB00C90034EDEF /* PeopleViewController.swift */; };
		06E09F9F25A71BBC00E25886 /* SetupProfileViewController.swift in Sources */ = {isa = PBXBuildFile; fileRef = 06E09F9E25A71BBC00E25886 /* SetupProfileViewController.swift */; };
		06E684F724FFEBBB004FD855 /* AppDelegate.swift in Sources */ = {isa = PBXBuildFile; fileRef = 06E684F624FFEBBB004FD855 /* AppDelegate.swift */; };
		06E684F924FFEBBB004FD855 /* SceneDelegate.swift in Sources */ = {isa = PBXBuildFile; fileRef = 06E684F824FFEBBB004FD855 /* SceneDelegate.swift */; };
		06E684FB24FFEBBB004FD855 /* AuthViewController.swift in Sources */ = {isa = PBXBuildFile; fileRef = 06E684FA24FFEBBB004FD855 /* AuthViewController.swift */; };
		06E6850024FFEBBE004FD855 /* Assets.xcassets in Resources */ = {isa = PBXBuildFile; fileRef = 06E684FF24FFEBBE004FD855 /* Assets.xcassets */; };
		06E6850324FFEBBE004FD855 /* LaunchScreen.storyboard in Resources */ = {isa = PBXBuildFile; fileRef = 06E6850124FFEBBE004FD855 /* LaunchScreen.storyboard */; };
		06E6851124FFEBD1004FD855 /* iChatTests.swift in Sources */ = {isa = PBXBuildFile; fileRef = 06E6851024FFEBD1004FD855 /* iChatTests.swift */; };
		06E6851924FFF442004FD855 /* UIButton + Extension.swift in Sources */ = {isa = PBXBuildFile; fileRef = 06E6851824FFF442004FD855 /* UIButton + Extension.swift */; };
/* End PBXBuildFile section */

/* Begin PBXContainerItemProxy section */
		06E6851324FFEBD1004FD855 /* PBXContainerItemProxy */ = {
			isa = PBXContainerItemProxy;
			containerPortal = 06E684EB24FFEBBB004FD855 /* Project object */;
			proxyType = 1;
			remoteGlobalIDString = 06E684F224FFEBBB004FD855;
			remoteInfo = iChat;
		};
/* End PBXContainerItemProxy section */

/* Begin PBXFileReference section */
		06036A8A25AF710600105682 /* ActiveChatsCell.swift */ = {isa = PBXFileReference; lastKnownFileType = sourcecode.swift; path = ActiveChatsCell.swift; sourceTree = "<group>"; };
		06036A9625AF7DA900105682 /* activeChats.json */ = {isa = PBXFileReference; lastKnownFileType = text.json; path = activeChats.json; sourceTree = "<group>"; };
		06036A9C25AF7DD700105682 /* waitingChats.json */ = {isa = PBXFileReference; lastKnownFileType = text.json; path = waitingChats.json; sourceTree = "<group>"; };
		0610855025ADFC63006AFD94 /* Bundle-Decodable.swift */ = {isa = PBXFileReference; lastKnownFileType = sourcecode.swift; path = "Bundle-Decodable.swift"; sourceTree = "<group>"; };
		0619EDF325A8A2CE00F55A13 /* AddPhotoView.swift */ = {isa = PBXFileReference; lastKnownFileType = sourcecode.swift; path = AddPhotoView.swift; sourceTree = "<group>"; };
		061C3EB72500E13A00A922A6 /* UIFont + Extension.swift */ = {isa = PBXFileReference; lastKnownFileType = sourcecode.swift; path = "UIFont + Extension.swift"; sourceTree = "<group>"; };
		061C3EB92500E38D00A922A6 /* UIColor + Extension.swift */ = {isa = PBXFileReference; lastKnownFileType = sourcecode.swift; path = "UIColor + Extension.swift"; sourceTree = "<group>"; };
		061C3EBB2500E6D100A922A6 /* Label + Extension.swift */ = {isa = PBXFileReference; lastKnownFileType = sourcecode.swift; path = "Label + Extension.swift"; sourceTree = "<group>"; };
		061C3EBD2500E79700A922A6 /* UIImageView + Extension.swift */ = {isa = PBXFileReference; lastKnownFileType = sourcecode.swift; path = "UIImageView + Extension.swift"; sourceTree = "<group>"; };
		062F288525A9AD9300D0F0CD /* SegmentedControl + Extension.swift */ = {isa = PBXFileReference; lastKnownFileType = sourcecode.swift; path = "SegmentedControl + Extension.swift"; sourceTree = "<group>"; };
		064C34F125A4E39300CAED9A /* SignUpViewController.swift */ = {isa = PBXFileReference; lastKnownFileType = sourcecode.swift; path = SignUpViewController.swift; sourceTree = "<group>"; };
		064C34F525A4E68800CAED9A /* OneLineTextField.swift */ = {isa = PBXFileReference; lastKnownFileType = sourcecode.swift; path = OneLineTextField.swift; sourceTree = "<group>"; };
		06976688251218B2004BA591 /* ButtonFormView.swift */ = {isa = PBXFileReference; lastKnownFileType = sourcecode.swift; path = ButtonFormView.swift; sourceTree = "<group>"; };
		0697668A2512543A004BA591 /* StackView + Extension.swift */ = {isa = PBXFileReference; lastKnownFileType = sourcecode.swift; path = "StackView + Extension.swift"; sourceTree = "<group>"; };
		06A80DE225A6FEC0001E1A41 /* LoginViewController.swift */ = {isa = PBXFileReference; lastKnownFileType = sourcecode.swift; path = LoginViewController.swift; sourceTree = "<group>"; };
		06E082FF25AAFE020034EDEF /* ListViewController.swift */ = {isa = PBXFileReference; lastKnownFileType = sourcecode.swift; path = ListViewController.swift; sourceTree = "<group>"; };
		06E0830B25AB00650034EDEF /* MainTabBarController.swift */ = {isa = PBXFileReference; lastKnownFileType = sourcecode.swift; path = MainTabBarController.swift; sourceTree = "<group>"; };
		06E0830F25AB00C90034EDEF /* PeopleViewController.swift */ = {isa = PBXFileReference; lastKnownFileType = sourcecode.swift; path = PeopleViewController.swift; sourceTree = "<group>"; };
		06E09F9E25A71BBC00E25886 /* SetupProfileViewController.swift */ = {isa = PBXFileReference; lastKnownFileType = sourcecode.swift; path = SetupProfileViewController.swift; sourceTree = "<group>"; };
		06E684F324FFEBBB004FD855 /* iChat.app */ = {isa = PBXFileReference; explicitFileType = wrapper.application; includeInIndex = 0; path = iChat.app; sourceTree = BUILT_PRODUCTS_DIR; };
		06E684F624FFEBBB004FD855 /* AppDelegate.swift */ = {isa = PBXFileReference; lastKnownFileType = sourcecode.swift; path = AppDelegate.swift; sourceTree = "<group>"; };
		06E684F824FFEBBB004FD855 /* SceneDelegate.swift */ = {isa = PBXFileReference; lastKnownFileType = sourcecode.swift; path = SceneDelegate.swift; sourceTree = "<group>"; };
		06E684FA24FFEBBB004FD855 /* AuthViewController.swift */ = {isa = PBXFileReference; lastKnownFileType = sourcecode.swift; path = AuthViewController.swift; sourceTree = "<group>"; };
		06E684FF24FFEBBE004FD855 /* Assets.xcassets */ = {isa = PBXFileReference; lastKnownFileType = folder.assetcatalog; path = Assets.xcassets; sourceTree = "<group>"; };
		06E6850224FFEBBE004FD855 /* Base */ = {isa = PBXFileReference; lastKnownFileType = file.storyboard; name = Base; path = Base.lproj/LaunchScreen.storyboard; sourceTree = "<group>"; };
		06E6850424FFEBBE004FD855 /* Info.plist */ = {isa = PBXFileReference; lastKnownFileType = text.plist.xml; path = Info.plist; sourceTree = "<group>"; };
		06E6850E24FFEBD0004FD855 /* iChatTests.xctest */ = {isa = PBXFileReference; explicitFileType = wrapper.cfbundle; includeInIndex = 0; path = iChatTests.xctest; sourceTree = BUILT_PRODUCTS_DIR; };
		06E6851024FFEBD1004FD855 /* iChatTests.swift */ = {isa = PBXFileReference; lastKnownFileType = sourcecode.swift; path = iChatTests.swift; sourceTree = "<group>"; };
		06E6851224FFEBD1004FD855 /* Info.plist */ = {isa = PBXFileReference; lastKnownFileType = text.plist.xml; path = Info.plist; sourceTree = "<group>"; };
		06E6851824FFF442004FD855 /* UIButton + Extension.swift */ = {isa = PBXFileReference; lastKnownFileType = sourcecode.swift; path = "UIButton + Extension.swift"; sourceTree = "<group>"; };
/* End PBXFileReference section */

/* Begin PBXFrameworksBuildPhase section */
		06E684F024FFEBBB004FD855 /* Frameworks */ = {
			isa = PBXFrameworksBuildPhase;
			buildActionMask = 2147483647;
			files = (
			);
			runOnlyForDeploymentPostprocessing = 0;
		};
		06E6850B24FFEBD0004FD855 /* Frameworks */ = {
			isa = PBXFrameworksBuildPhase;
			buildActionMask = 2147483647;
			files = (
			);
			runOnlyForDeploymentPostprocessing = 0;
		};
/* End PBXFrameworksBuildPhase section */

/* Begin PBXGroup section */
		06036A8925AF70F700105682 /* Cell */ = {
			isa = PBXGroup;
			children = (
				06036A8A25AF710600105682 /* ActiveChatsCell.swift */,
			);
			path = Cell;
			sourceTree = "<group>";
		};
		06E0830325AAFFFE0034EDEF /* Sign-In & Auth */ = {
			isa = PBXGroup;
			children = (
				06E684FA24FFEBBB004FD855 /* AuthViewController.swift */,
				064C34F125A4E39300CAED9A /* SignUpViewController.swift */,
				06A80DE225A6FEC0001E1A41 /* LoginViewController.swift */,
				06E09F9E25A71BBC00E25886 /* SetupProfileViewController.swift */,
			);
			path = "Sign-In & Auth";
			sourceTree = "<group>";
		};
		06E0830825AB003A0034EDEF /* Controllers */ = {
			isa = PBXGroup;
			children = (
				06036A8925AF70F700105682 /* Cell */,
				06E082FF25AAFE020034EDEF /* ListViewController.swift */,
				06E0830F25AB00C90034EDEF /* PeopleViewController.swift */,
				06E0830B25AB00650034EDEF /* MainTabBarController.swift */,
			);
			path = Controllers;
			sourceTree = "<group>";
		};
		06E684EA24FFEBBB004FD855 = {
			isa = PBXGroup;
			children = (
				06E684F524FFEBBB004FD855 /* iChat */,
				06E6850F24FFEBD1004FD855 /* iChatTests */,
				06E684F424FFEBBB004FD855 /* Products */,
			);
			sourceTree = "<group>";
		};
		06E684F424FFEBBB004FD855 /* Products */ = {
			isa = PBXGroup;
			children = (
				06E684F324FFEBBB004FD855 /* iChat.app */,
				06E6850E24FFEBD0004FD855 /* iChatTests.xctest */,
			);
			name = Products;
			sourceTree = "<group>";
		};
		06E684F524FFEBBB004FD855 /* iChat */ = {
			isa = PBXGroup;
			children = (
				06E684F624FFEBBB004FD855 /* AppDelegate.swift */,
				06E684F824FFEBBB004FD855 /* SceneDelegate.swift */,
				06E0830825AB003A0034EDEF /* Controllers */,
				06E0830325AAFFFE0034EDEF /* Sign-In & Auth */,
				06E85A612504C86E00D1A52E /* Extensions */,
				06E684FF24FFEBBE004FD855 /* Assets.xcassets */,
				06E6850124FFEBBE004FD855 /* LaunchScreen.storyboard */,
				06E6850424FFEBBE004FD855 /* Info.plist */,
			);
			path = iChat;
			sourceTree = "<group>";
		};
		06E6850F24FFEBD1004FD855 /* iChatTests */ = {
			isa = PBXGroup;
			children = (
				06E6851024FFEBD1004FD855 /* iChatTests.swift */,
				06E6851224FFEBD1004FD855 /* Info.plist */,
			);
			path = iChatTests;
			sourceTree = "<group>";
		};
		06E85A602504C85D00D1A52E /* UIKit */ = {
			isa = PBXGroup;
			children = (
				06036A9625AF7DA900105682 /* activeChats.json */,
				06036A9C25AF7DD700105682 /* waitingChats.json */,
				06E6851824FFF442004FD855 /* UIButton + Extension.swift */,
				061C3EB72500E13A00A922A6 /* UIFont + Extension.swift */,
				061C3EB92500E38D00A922A6 /* UIColor + Extension.swift */,
				061C3EBB2500E6D100A922A6 /* Label + Extension.swift */,
				061C3EBD2500E79700A922A6 /* UIImageView + Extension.swift */,
				0697668A2512543A004BA591 /* StackView + Extension.swift */,
				062F288525A9AD9300D0F0CD /* SegmentedControl + Extension.swift */,
			);
			path = UIKit;
			sourceTree = "<group>";
		};
		06E85A612504C86E00D1A52E /* Extensions */ = {
			isa = PBXGroup;
			children = (
				064C34F525A4E68800CAED9A /* OneLineTextField.swift */,
				0619EDF325A8A2CE00F55A13 /* AddPhotoView.swift */,
				06976688251218B2004BA591 /* ButtonFormView.swift */,
				0610855025ADFC63006AFD94 /* Bundle-Decodable.swift */,
				06E85A602504C85D00D1A52E /* UIKit */,
			);
			path = Extensions;
			sourceTree = "<group>";
		};
/* End PBXGroup section */

/* Begin PBXNativeTarget section */
		06E684F224FFEBBB004FD855 /* iChat */ = {
			isa = PBXNativeTarget;
			buildConfigurationList = 06E6850724FFEBBE004FD855 /* Build configuration list for PBXNativeTarget "iChat" */;
			buildPhases = (
				06E684EF24FFEBBB004FD855 /* Sources */,
				06E684F024FFEBBB004FD855 /* Frameworks */,
				06E684F124FFEBBB004FD855 /* Resources */,
			);
			buildRules = (
			);
			dependencies = (
			);
			name = iChat;
			productName = iChat;
			productReference = 06E684F324FFEBBB004FD855 /* iChat.app */;
			productType = "com.apple.product-type.application";
		};
		06E6850D24FFEBD0004FD855 /* iChatTests */ = {
			isa = PBXNativeTarget;
			buildConfigurationList = 06E6851524FFEBD1004FD855 /* Build configuration list for PBXNativeTarget "iChatTests" */;
			buildPhases = (
				06E6850A24FFEBD0004FD855 /* Sources */,
				06E6850B24FFEBD0004FD855 /* Frameworks */,
				06E6850C24FFEBD0004FD855 /* Resources */,
			);
			buildRules = (
			);
			dependencies = (
				06E6851424FFEBD1004FD855 /* PBXTargetDependency */,
			);
			name = iChatTests;
			productName = iChatTests;
			productReference = 06E6850E24FFEBD0004FD855 /* iChatTests.xctest */;
			productType = "com.apple.product-type.bundle.unit-test";
		};
/* End PBXNativeTarget section */

/* Begin PBXProject section */
		06E684EB24FFEBBB004FD855 /* Project object */ = {
			isa = PBXProject;
			attributes = {
				LastSwiftUpdateCheck = 1160;
				LastUpgradeCheck = 1200;
				ORGANIZATIONNAME = "Serhii Demianenko";
				TargetAttributes = {
					06E684F224FFEBBB004FD855 = {
						CreatedOnToolsVersion = 11.6;
					};
					06E6850D24FFEBD0004FD855 = {
						CreatedOnToolsVersion = 11.6;
						TestTargetID = 06E684F224FFEBBB004FD855;
					};
				};
			};
			buildConfigurationList = 06E684EE24FFEBBB004FD855 /* Build configuration list for PBXProject "iChat" */;
			compatibilityVersion = "Xcode 9.3";
			developmentRegion = en;
			hasScannedForEncodings = 0;
			knownRegions = (
				en,
				Base,
			);
			mainGroup = 06E684EA24FFEBBB004FD855;
			productRefGroup = 06E684F424FFEBBB004FD855 /* Products */;
			projectDirPath = "";
			projectRoot = "";
			targets = (
				06E684F224FFEBBB004FD855 /* iChat */,
				06E6850D24FFEBD0004FD855 /* iChatTests */,
			);
		};
/* End PBXProject section */

/* Begin PBXResourcesBuildPhase section */
		06E684F124FFEBBB004FD855 /* Resources */ = {
			isa = PBXResourcesBuildPhase;
			buildActionMask = 2147483647;
			files = (
				06036A9D25AF7DD700105682 /* waitingChats.json in Resources */,
				06036A9725AF7DA900105682 /* activeChats.json in Resources */,
				06E6850324FFEBBE004FD855 /* LaunchScreen.storyboard in Resources */,
				06E6850024FFEBBE004FD855 /* Assets.xcassets in Resources */,
			);
			runOnlyForDeploymentPostprocessing = 0;
		};
		06E6850C24FFEBD0004FD855 /* Resources */ = {
			isa = PBXResourcesBuildPhase;
			buildActionMask = 2147483647;
			files = (
			);
			runOnlyForDeploymentPostprocessing = 0;
		};
/* End PBXResourcesBuildPhase section */

/* Begin PBXSourcesBuildPhase section */
		06E684EF24FFEBBB004FD855 /* Sources */ = {
			isa = PBXSourcesBuildPhase;
			buildActionMask = 2147483647;
			files = (
				06E0830025AAFE020034EDEF /* ListViewController.swift in Sources */,
				064C34F625A4E68800CAED9A /* OneLineTextField.swift in Sources */,
				06E0830C25AB00650034EDEF /* MainTabBarController.swift in Sources */,
				064C34F225A4E39300CAED9A /* SignUpViewController.swift in Sources */,
				061C3EB82500E13A00A922A6 /* UIFont + Extension.swift in Sources */,
				06E0831025AB00C90034EDEF /* PeopleViewController.swift in Sources */,
				06E684FB24FFEBBB004FD855 /* AuthViewController.swift in Sources */,
				0610855125ADFC63006AFD94 /* Bundle-Decodable.swift in Sources */,
				06E09F9F25A71BBC00E25886 /* SetupProfileViewController.swift in Sources */,
				061C3EBC2500E6D100A922A6 /* Label + Extension.swift in Sources */,
				06976689251218B2004BA591 /* ButtonFormView.swift in Sources */,
				0619EDF425A8A2CE00F55A13 /* AddPhotoView.swift in Sources */,
				06E684F724FFEBBB004FD855 /* AppDelegate.swift in Sources */,
				061C3EBE2500E79700A922A6 /* UIImageView + Extension.swift in Sources */,
				062F288625A9AD9300D0F0CD /* SegmentedControl + Extension.swift in Sources */,
				061C3EBA2500E38D00A922A6 /* UIColor + Extension.swift in Sources */,
				06E684F924FFEBBB004FD855 /* SceneDelegate.swift in Sources */,
				06036A8B25AF710600105682 /* ActiveChatsCell.swift in Sources */,
				06E6851924FFF442004FD855 /* UIButton + Extension.swift in Sources */,
				06A80DE325A6FEC0001E1A41 /* LoginViewController.swift in Sources */,
				0697668B2512543A004BA591 /* StackView + Extension.swift in Sources */,
			);
			runOnlyForDeploymentPostprocessing = 0;
		};
		06E6850A24FFEBD0004FD855 /* Sources */ = {
			isa = PBXSourcesBuildPhase;
			buildActionMask = 2147483647;
			files = (
				06E6851124FFEBD1004FD855 /* iChatTests.swift in Sources */,
			);
			runOnlyForDeploymentPostprocessing = 0;
		};
/* End PBXSourcesBuildPhase section */

/* Begin PBXTargetDependency section */
		06E6851424FFEBD1004FD855 /* PBXTargetDependency */ = {
			isa = PBXTargetDependency;
			target = 06E684F224FFEBBB004FD855 /* iChat */;
			targetProxy = 06E6851324FFEBD1004FD855 /* PBXContainerItemProxy */;
		};
/* End PBXTargetDependency section */

/* Begin PBXVariantGroup section */
		06E6850124FFEBBE004FD855 /* LaunchScreen.storyboard */ = {
			isa = PBXVariantGroup;
			children = (
				06E6850224FFEBBE004FD855 /* Base */,
			);
			name = LaunchScreen.storyboard;
			sourceTree = "<group>";
		};
/* End PBXVariantGroup section */

/* Begin XCBuildConfiguration section */
		06E6850524FFEBBE004FD855 /* Debug */ = {
			isa = XCBuildConfiguration;
			buildSettings = {
				ALWAYS_SEARCH_USER_PATHS = NO;
				CLANG_ANALYZER_NONNULL = YES;
				CLANG_ANALYZER_NUMBER_OBJECT_CONVERSION = YES_AGGRESSIVE;
				CLANG_CXX_LANGUAGE_STANDARD = "gnu++14";
				CLANG_CXX_LIBRARY = "libc++";
				CLANG_ENABLE_MODULES = YES;
				CLANG_ENABLE_OBJC_ARC = YES;
				CLANG_ENABLE_OBJC_WEAK = YES;
				CLANG_WARN_BLOCK_CAPTURE_AUTORELEASING = YES;
				CLANG_WARN_BOOL_CONVERSION = YES;
				CLANG_WARN_COMMA = YES;
				CLANG_WARN_CONSTANT_CONVERSION = YES;
				CLANG_WARN_DEPRECATED_OBJC_IMPLEMENTATIONS = YES;
				CLANG_WARN_DIRECT_OBJC_ISA_USAGE = YES_ERROR;
				CLANG_WARN_DOCUMENTATION_COMMENTS = YES;
				CLANG_WARN_EMPTY_BODY = YES;
				CLANG_WARN_ENUM_CONVERSION = YES;
				CLANG_WARN_INFINITE_RECURSION = YES;
				CLANG_WARN_INT_CONVERSION = YES;
				CLANG_WARN_NON_LITERAL_NULL_CONVERSION = YES;
				CLANG_WARN_OBJC_IMPLICIT_RETAIN_SELF = YES;
				CLANG_WARN_OBJC_LITERAL_CONVERSION = YES;
				CLANG_WARN_OBJC_ROOT_CLASS = YES_ERROR;
				CLANG_WARN_QUOTED_INCLUDE_IN_FRAMEWORK_HEADER = YES;
				CLANG_WARN_RANGE_LOOP_ANALYSIS = YES;
				CLANG_WARN_STRICT_PROTOTYPES = YES;
				CLANG_WARN_SUSPICIOUS_MOVE = YES;
				CLANG_WARN_UNGUARDED_AVAILABILITY = YES_AGGRESSIVE;
				CLANG_WARN_UNREACHABLE_CODE = YES;
				CLANG_WARN__DUPLICATE_METHOD_MATCH = YES;
				COPY_PHASE_STRIP = NO;
				DEBUG_INFORMATION_FORMAT = dwarf;
				ENABLE_STRICT_OBJC_MSGSEND = YES;
				ENABLE_TESTABILITY = YES;
				GCC_C_LANGUAGE_STANDARD = gnu11;
				GCC_DYNAMIC_NO_PIC = NO;
				GCC_NO_COMMON_BLOCKS = YES;
				GCC_OPTIMIZATION_LEVEL = 0;
				GCC_PREPROCESSOR_DEFINITIONS = (
					"DEBUG=1",
					"$(inherited)",
				);
				GCC_WARN_64_TO_32_BIT_CONVERSION = YES;
				GCC_WARN_ABOUT_RETURN_TYPE = YES_ERROR;
				GCC_WARN_UNDECLARED_SELECTOR = YES;
				GCC_WARN_UNINITIALIZED_AUTOS = YES_AGGRESSIVE;
				GCC_WARN_UNUSED_FUNCTION = YES;
				GCC_WARN_UNUSED_VARIABLE = YES;
				IPHONEOS_DEPLOYMENT_TARGET = 13.6;
				MTL_ENABLE_DEBUG_INFO = INCLUDE_SOURCE;
				MTL_FAST_MATH = YES;
				ONLY_ACTIVE_ARCH = YES;
				SDKROOT = iphoneos;
				SWIFT_ACTIVE_COMPILATION_CONDITIONS = DEBUG;
				SWIFT_OPTIMIZATION_LEVEL = "-Onone";
			};
			name = Debug;
		};
		06E6850624FFEBBE004FD855 /* Release */ = {
			isa = XCBuildConfiguration;
			buildSettings = {
				ALWAYS_SEARCH_USER_PATHS = NO;
				CLANG_ANALYZER_NONNULL = YES;
				CLANG_ANALYZER_NUMBER_OBJECT_CONVERSION = YES_AGGRESSIVE;
				CLANG_CXX_LANGUAGE_STANDARD = "gnu++14";
				CLANG_CXX_LIBRARY = "libc++";
				CLANG_ENABLE_MODULES = YES;
				CLANG_ENABLE_OBJC_ARC = YES;
				CLANG_ENABLE_OBJC_WEAK = YES;
				CLANG_WARN_BLOCK_CAPTURE_AUTORELEASING = YES;
				CLANG_WARN_BOOL_CONVERSION = YES;
				CLANG_WARN_COMMA = YES;
				CLANG_WARN_CONSTANT_CONVERSION = YES;
				CLANG_WARN_DEPRECATED_OBJC_IMPLEMENTATIONS = YES;
				CLANG_WARN_DIRECT_OBJC_ISA_USAGE = YES_ERROR;
				CLANG_WARN_DOCUMENTATION_COMMENTS = YES;
				CLANG_WARN_EMPTY_BODY = YES;
				CLANG_WARN_ENUM_CONVERSION = YES;
				CLANG_WARN_INFINITE_RECURSION = YES;
				CLANG_WARN_INT_CONVERSION = YES;
				CLANG_WARN_NON_LITERAL_NULL_CONVERSION = YES;
				CLANG_WARN_OBJC_IMPLICIT_RETAIN_SELF = YES;
				CLANG_WARN_OBJC_LITERAL_CONVERSION = YES;
				CLANG_WARN_OBJC_ROOT_CLASS = YES_ERROR;
				CLANG_WARN_QUOTED_INCLUDE_IN_FRAMEWORK_HEADER = YES;
				CLANG_WARN_RANGE_LOOP_ANALYSIS = YES;
				CLANG_WARN_STRICT_PROTOTYPES = YES;
				CLANG_WARN_SUSPICIOUS_MOVE = YES;
				CLANG_WARN_UNGUARDED_AVAILABILITY = YES_AGGRESSIVE;
				CLANG_WARN_UNREACHABLE_CODE = YES;
				CLANG_WARN__DUPLICATE_METHOD_MATCH = YES;
				COPY_PHASE_STRIP = NO;
				DEBUG_INFORMATION_FORMAT = "dwarf-with-dsym";
				ENABLE_NS_ASSERTIONS = NO;
				ENABLE_STRICT_OBJC_MSGSEND = YES;
				GCC_C_LANGUAGE_STANDARD = gnu11;
				GCC_NO_COMMON_BLOCKS = YES;
				GCC_WARN_64_TO_32_BIT_CONVERSION = YES;
				GCC_WARN_ABOUT_RETURN_TYPE = YES_ERROR;
				GCC_WARN_UNDECLARED_SELECTOR = YES;
				GCC_WARN_UNINITIALIZED_AUTOS = YES_AGGRESSIVE;
				GCC_WARN_UNUSED_FUNCTION = YES;
				GCC_WARN_UNUSED_VARIABLE = YES;
				IPHONEOS_DEPLOYMENT_TARGET = 13.6;
				MTL_ENABLE_DEBUG_INFO = NO;
				MTL_FAST_MATH = YES;
				SDKROOT = iphoneos;
				SWIFT_COMPILATION_MODE = wholemodule;
				SWIFT_OPTIMIZATION_LEVEL = "-O";
				VALIDATE_PRODUCT = YES;
			};
			name = Release;
		};
		06E6850824FFEBBE004FD855 /* Debug */ = {
			isa = XCBuildConfiguration;
			buildSettings = {
				ASSETCATALOG_COMPILER_APPICON_NAME = AppIcon;
				CODE_SIGN_STYLE = Automatic;
				DEVELOPMENT_TEAM = 52U947422P;
				INFOPLIST_FILE = iChat/Info.plist;
				LD_RUNPATH_SEARCH_PATHS = (
					"$(inherited)",
					"@executable_path/Frameworks",
				);
				PRODUCT_BUNDLE_IDENTIFIER = harma.iChat;
				PRODUCT_NAME = "$(TARGET_NAME)";
				SWIFT_VERSION = 5.0;
				TARGETED_DEVICE_FAMILY = "1,2";
			};
			name = Debug;
		};
		06E6850924FFEBBE004FD855 /* Release */ = {
			isa = XCBuildConfiguration;
			buildSettings = {
				ASSETCATALOG_COMPILER_APPICON_NAME = AppIcon;
				CODE_SIGN_STYLE = Automatic;
				DEVELOPMENT_TEAM = 52U947422P;
				INFOPLIST_FILE = iChat/Info.plist;
				LD_RUNPATH_SEARCH_PATHS = (
					"$(inherited)",
					"@executable_path/Frameworks",
				);
				PRODUCT_BUNDLE_IDENTIFIER = harma.iChat;
				PRODUCT_NAME = "$(TARGET_NAME)";
				SWIFT_VERSION = 5.0;
				TARGETED_DEVICE_FAMILY = "1,2";
			};
			name = Release;
		};
		06E6851624FFEBD1004FD855 /* Debug */ = {
			isa = XCBuildConfiguration;
			buildSettings = {
				BUNDLE_LOADER = "$(TEST_HOST)";
				CODE_SIGN_STYLE = Automatic;
				DEVELOPMENT_TEAM = 52U947422P;
				INFOPLIST_FILE = iChatTests/Info.plist;
				LD_RUNPATH_SEARCH_PATHS = (
					"$(inherited)",
					"@executable_path/Frameworks",
					"@loader_path/Frameworks",
				);
				PRODUCT_BUNDLE_IDENTIFIER = harma.iChatTests;
				PRODUCT_NAME = "$(TARGET_NAME)";
				SWIFT_VERSION = 5.0;
				TARGETED_DEVICE_FAMILY = "1,2";
				TEST_HOST = "$(BUILT_PRODUCTS_DIR)/iChat.app/iChat";
			};
			name = Debug;
		};
		06E6851724FFEBD1004FD855 /* Release */ = {
			isa = XCBuildConfiguration;
			buildSettings = {
				BUNDLE_LOADER = "$(TEST_HOST)";
				CODE_SIGN_STYLE = Automatic;
				DEVELOPMENT_TEAM = 52U947422P;
				INFOPLIST_FILE = iChatTests/Info.plist;
				LD_RUNPATH_SEARCH_PATHS = (
					"$(inherited)",
					"@executable_path/Frameworks",
					"@loader_path/Frameworks",
				);
				PRODUCT_BUNDLE_IDENTIFIER = harma.iChatTests;
				PRODUCT_NAME = "$(TARGET_NAME)";
				SWIFT_VERSION = 5.0;
				TARGETED_DEVICE_FAMILY = "1,2";
				TEST_HOST = "$(BUILT_PRODUCTS_DIR)/iChat.app/iChat";
			};
			name = Release;
		};
/* End XCBuildConfiguration section */

/* Begin XCConfigurationList section */
		06E684EE24FFEBBB004FD855 /* Build configuration list for PBXProject "iChat" */ = {
			isa = XCConfigurationList;
			buildConfigurations = (
				06E6850524FFEBBE004FD855 /* Debug */,
				06E6850624FFEBBE004FD855 /* Release */,
			);
			defaultConfigurationIsVisible = 0;
			defaultConfigurationName = Release;
		};
		06E6850724FFEBBE004FD855 /* Build configuration list for PBXNativeTarget "iChat" */ = {
			isa = XCConfigurationList;
			buildConfigurations = (
				06E6850824FFEBBE004FD855 /* Debug */,
				06E6850924FFEBBE004FD855 /* Release */,
			);
			defaultConfigurationIsVisible = 0;
			defaultConfigurationName = Release;
		};
		06E6851524FFEBD1004FD855 /* Build configuration list for PBXNativeTarget "iChatTests" */ = {
			isa = XCConfigurationList;
			buildConfigurations = (
				06E6851624FFEBD1004FD855 /* Debug */,
				06E6851724FFEBD1004FD855 /* Release */,
			);
			defaultConfigurationIsVisible = 0;
			defaultConfigurationName = Release;
		};
/* End XCConfigurationList section */
	};
	rootObject = 06E684EB24FFEBBB004FD855 /* Project object */;
}
